# This file is automatically generated by cargo-component.
# It is not intended for manual editing.
version = 1

[[package]]
name = "wavs:worker"

[[package.version]]
requirement = "^0.3.0-alpha1"
version = "0.3.0-alpha1"
digest = "sha256:980fca53013305edfa10643b98c8afbb11a8f8207f0c59aebec612a4b9254dd3"
