{
  "name": "wavs-foundry-template",
  "lockfileVersion": 3,
  "requires": true,
  "packages": {
    "": {
      "dependencies": {
        "@wavs/solidity": "^0.3.0-alpha2"
      }
    },
    "node_modules/@wavs/solidity": {
      "version": "0.3.0-alpha2",
      "resolved": "https://registry.npmjs.org/@wavs/solidity/-/solidity-0.3.0-alpha2.tgz",
      "integrity": "sha512-twxVpRZ8EoIOO69dQh7WpzqBkKXQfQnmZK4BqBVoc4WKs95I6PrpveymRzS3dmdKAC2VZBWW7jg65s8sA6oiRQ==",
      "license": "MIT"
    }
  }
}
